// !$*UTF8*$!
{
	archiveVersion = 1;
	classes = {
	};
	objectVersion = 50;
	objects = {

/* Begin PBXBuildFile section */
		42AC954E236D102B00581C3F /* main.m in Sources */ = {isa = PBXBuildFile; fileRef = 42AC954D236D102B00581C3F /* main.m */; };
		42AC9562236D15EE00581C3F /* CYCTest.m in Sources */ = {isa = PBXBuildFile; fileRef = 42AC9561236D15EE00581C3F /* CYCTest.m */; };
/* End PBXBuildFile section */

/* Begin PBXCopyFilesBuildPhase section */
		42AC9548236D102B00581C3F /* CopyFiles */ = {
			isa = PBXCopyFilesBuildPhase;
			buildActionMask = 2147483647;
			dstPath = /usr/share/man/man1/;
			dstSubfolderSpec = 0;
			files = (
			);
			runOnlyForDeploymentPostprocessing = 1;
		};
/* End PBXCopyFilesBuildPhase section */

/* Begin PBXFileReference section */
		42AC954A236D102B00581C3F /* Chapter-7-1 */ = {isa = PBXFileReference; explicitFileType = "compiled.mach-o.executable"; includeInIndex = 0; path = "Chapter-7-1"; sourceTree = BUILT_PRODUCTS_DIR; };
		42AC954D236D102B00581C3F /* main.m */ = {isa = PBXFileReference; lastKnownFileType = sourcecode.c.objc; path = main.m; sourceTree = "<group>"; };
		42AC9554236D137600581C3F /* Snip20191102_4.png */ = {isa = PBXFileReference; lastKnownFileType = image.png; path = Snip20191102_4.png; sourceTree = "<group>"; };
		42AC9555236D137600581C3F /* Snip20191102_6.png */ = {isa = PBXFileReference; lastKnownFileType = image.png; path = Snip20191102_6.png; sourceTree = "<group>"; };
		42AC9556236D137700581C3F /* Snip20191102_2.png */ = {isa = PBXFileReference; lastKnownFileType = image.png; path = Snip20191102_2.png; sourceTree = "<group>"; };
		42AC9557236D137700581C3F /* Snip20191102_5.png */ = {isa = PBXFileReference; lastKnownFileType = image.png; path = Snip20191102_5.png; sourceTree = "<group>"; };
		42AC9558236D137700581C3F /* Snip20191102_3.png */ = {isa = PBXFileReference; lastKnownFileType = image.png; path = Snip20191102_3.png; sourceTree = "<group>"; };
		42AC9559236D149500581C3F /* Snip20191102_14.png */ = {isa = PBXFileReference; lastKnownFileType = image.png; path = Snip20191102_14.png; sourceTree = "<group>"; };
		42AC955A236D149500581C3F /* Snip20191102_8.png */ = {isa = PBXFileReference; lastKnownFileType = image.png; path = Snip20191102_8.png; sourceTree = "<group>"; };
		42AC955B236D149500581C3F /* Snip20191102_11.png */ = {isa = PBXFileReference; lastKnownFileType = image.png; path = Snip20191102_11.png; sourceTree = "<group>"; };
		42AC955C236D149600581C3F /* Snip20191102_9.png */ = {isa = PBXFileReference; lastKnownFileType = image.png; path = Snip20191102_9.png; sourceTree = "<group>"; };
		42AC955D236D149600581C3F /* Snip20191102_12.png */ = {isa = PBXFileReference; lastKnownFileType = image.png; path = Snip20191102_12.png; sourceTree = "<group>"; };
		42AC9560236D15EE00581C3F /* CYCTest.h */ = {isa = PBXFileReference; lastKnownFileType = sourcecode.c.h; path = CYCTest.h; sourceTree = "<group>"; };
		42AC9561236D15EE00581C3F /* CYCTest.m */ = {isa = PBXFileReference; lastKnownFileType = sourcecode.c.objc; path = CYCTest.m; sourceTree = "<group>"; };
/* End PBXFileReference section */

/* Begin PBXFrameworksBuildPhase section */
		42AC9547236D102B00581C3F /* Frameworks */ = {
			isa = PBXFrameworksBuildPhase;
			buildActionMask = 2147483647;
			files = (
			);
			runOnlyForDeploymentPostprocessing = 0;
		};
/* End PBXFrameworksBuildPhase section */

/* Begin PBXGroup section */
		42AC9541236D102B00581C3F = {
			isa = PBXGroup;
			children = (
				42AC954C236D102B00581C3F /* Chapter-7-1 */,
				42AC954B236D102B00581C3F /* Products */,
			);
			sourceTree = "<group>";
		};
		42AC954B236D102B00581C3F /* Products */ = {
			isa = PBXGroup;
			children = (
				42AC954A236D102B00581C3F /* Chapter-7-1 */,
			);
			name = Products;
			sourceTree = "<group>";
		};
		42AC954C236D102B00581C3F /* Chapter-7-1 */ = {
			isa = PBXGroup;
			children = (
				42AC954D236D102B00581C3F /* main.m */,
				42AC9560236D15EE00581C3F /* CYCTest.h */,
				42AC9561236D15EE00581C3F /* CYCTest.m */,
				42AC9556236D137700581C3F /* Snip20191102_2.png */,
				42AC9558236D137700581C3F /* Snip20191102_3.png */,
				42AC9554236D137600581C3F /* Snip20191102_4.png */,
				42AC9557236D137700581C3F /* Snip20191102_5.png */,
				42AC9555236D137600581C3F /* Snip20191102_6.png */,
				42AC955A236D149500581C3F /* Snip20191102_8.png */,
				42AC955C236D149600581C3F /* Snip20191102_9.png */,
				42AC955B236D149500581C3F /* Snip20191102_11.png */,
				42AC955D236D149600581C3F /* Snip20191102_12.png */,
				42AC9559236D149500581C3F /* Snip20191102_14.png */,
			);
			path = "Chapter-7-1";
			sourceTree = "<group>";
		};
/* End PBXGroup section */

/* Begin PBXNativeTarget section */
		42AC9549236D102B00581C3F /* Chapter-7-1 */ = {
			isa = PBXNativeTarget;
			buildConfigurationList = 42AC9551236D102B00581C3F /* Build configuration list for PBXNativeTarget "Chapter-7-1" */;
			buildPhases = (
				42AC9546236D102B00581C3F /* Sources */,
				42AC9547236D102B00581C3F /* Frameworks */,
				42AC9548236D102B00581C3F /* CopyFiles */,
			);
			buildRules = (
			);
			dependencies = (
			);
			name = "Chapter-7-1";
			productName = "Chapter-7-1";
			productReference = 42AC954A236D102B00581C3F /* Chapter-7-1 */;
			productType = "com.apple.product-type.tool";
		};
/* End PBXNativeTarget section */

/* Begin PBXProject section */
		42AC9542236D102B00581C3F /* Project object */ = {
			isa = PBXProject;
			attributes = {
				CLASSPREFIX = CYC;
				LastUpgradeCheck = 1110;
				ORGANIZATIONNAME = com.ccyag.test;
				TargetAttributes = {
					42AC9549236D102B00581C3F = {
						CreatedOnToolsVersion = 11.1;
					};
				};
			};
			buildConfigurationList = 42AC9545236D102B00581C3F /* Build configuration list for PBXProject "Chapter-7-1" */;
			compatibilityVersion = "Xcode 9.3";
			developmentRegion = en;
			hasScannedForEncodings = 0;
			knownRegions = (
				en,
				Base,
			);
			mainGroup = 42AC9541236D102B00581C3F;
			productRefGroup = 42AC954B236D102B00581C3F /* Products */;
			projectDirPath = "";
			projectRoot = "";
			targets = (
				42AC9549236D102B00581C3F /* Chapter-7-1 */,
			);
		};
/* End PBXProject section */

/* Begin PBXSourcesBuildPhase section */
		42AC9546236D102B00581C3F /* Sources */ = {
			isa = PBXSourcesBuildPhase;
			buildActionMask = 2147483647;
			files = (
				42AC954E236D102B00581C3F /* main.m in Sources */,
				42AC9562236D15EE00581C3F /* CYCTest.m in Sources */,
			);
			runOnlyForDeploymentPostprocessing = 0;
		};
/* End PBXSourcesBuildPhase section */

/* Begin XCBuildConfiguration section */
		42AC954F236D102B00581C3F /* Debug */ = {
			isa = XCBuildConfiguration;
			buildSettings = {
				ALWAYS_SEARCH_USER_PATHS = NO;
				CLANG_ANALYZER_NONNULL = YES;
				CLANG_ANALYZER_NUMBER_OBJECT_CONVERSION = YES_AGGRESSIVE;
				CLANG_CXX_LANGUAGE_STANDARD = "gnu++14";
				CLANG_CXX_LIBRARY = "libc++";
				CLANG_ENABLE_MODULES = YES;
				CLANG_ENABLE_OBJC_ARC = YES;
				CLANG_ENABLE_OBJC_WEAK = YES;
				CLANG_WARN_BLOCK_CAPTURE_AUTORELEASING = YES;
				CLANG_WARN_BOOL_CONVERSION = YES;
				CLANG_WARN_COMMA = YES;
				CLANG_WARN_CONSTANT_CONVERSION = YES;
				CLANG_WARN_DEPRECATED_OBJC_IMPLEMENTATIONS = YES;
				CLANG_WARN_DIRECT_OBJC_ISA_USAGE = YES_ERROR;
				CLANG_WARN_DOCUMENTATION_COMMENTS = YES;
				CLANG_WARN_EMPTY_BODY = YES;
				CLANG_WARN_ENUM_CONVERSION = YES;
				CLANG_WARN_INFINITE_RECURSION = YES;
				CLANG_WARN_INT_CONVERSION = YES;
				CLANG_WARN_NON_LITERAL_NULL_CONVERSION = YES;
				CLANG_WARN_OBJC_IMPLICIT_RETAIN_SELF = YES;
				CLANG_WARN_OBJC_LITERAL_CONVERSION = YES;
				CLANG_WARN_OBJC_ROOT_CLASS = YES_ERROR;
				CLANG_WARN_RANGE_LOOP_ANALYSIS = YES;
				CLANG_WARN_STRICT_PROTOTYPES = YES;
				CLANG_WARN_SUSPICIOUS_MOVE = YES;
				CLANG_WARN_UNGUARDED_AVAILABILITY = YES_AGGRESSIVE;
				CLANG_WARN_UNREACHABLE_CODE = YES;
				CLANG_WARN__DUPLICATE_METHOD_MATCH = YES;
				COPY_PHASE_STRIP = NO;
				DEBUG_INFORMATION_FORMAT = dwarf;
				ENABLE_STRICT_OBJC_MSGSEND = YES;
				ENABLE_TESTABILITY = YES;
				GCC_C_LANGUAGE_STANDARD = gnu11;
				GCC_DYNAMIC_NO_PIC = NO;
				GCC_NO_COMMON_BLOCKS = YES;
				GCC_OPTIMIZATION_LEVEL = 0;
				GCC_PREPROCESSOR_DEFINITIONS = (
					"DEBUG=1",
					"$(inherited)",
				);
				GCC_WARN_64_TO_32_BIT_CONVERSION = YES;
				GCC_WARN_ABOUT_RETURN_TYPE = YES_ERROR;
				GCC_WARN_UNDECLARED_SELECTOR = YES;
				GCC_WARN_UNINITIALIZED_AUTOS = YES_AGGRESSIVE;
				GCC_WARN_UNUSED_FUNCTION = YES;
				GCC_WARN_UNUSED_VARIABLE = YES;
				MACOSX_DEPLOYMENT_TARGET = 10.14;
				MTL_ENABLE_DEBUG_INFO = INCLUDE_SOURCE;
				MTL_FAST_MATH = YES;
				ONLY_ACTIVE_ARCH = YES;
				SDKROOT = macosx;
			};
			name = Debug;
		};
		42AC9550236D102B00581C3F /* Release */ = {
			isa = XCBuildConfiguration;
			buildSettings = {
				ALWAYS_SEARCH_USER_PATHS = NO;
				CLANG_ANALYZER_NONNULL = YES;
				CLANG_ANALYZER_NUMBER_OBJECT_CONVERSION = YES_AGGRESSIVE;
				CLANG_CXX_LANGUAGE_STANDARD = "gnu++14";
				CLANG_CXX_LIBRARY = "libc++";
				CLANG_ENABLE_MODULES = YES;
				CLANG_ENABLE_OBJC_ARC = YES;
				CLANG_ENABLE_OBJC_WEAK = YES;
				CLANG_WARN_BLOCK_CAPTURE_AUTORELEASING = YES;
				CLANG_WARN_BOOL_CONVERSION = YES;
				CLANG_WARN_COMMA = YES;
				CLANG_WARN_CONSTANT_CONVERSION = YES;
				CLANG_WARN_DEPRECATED_OBJC_IMPLEMENTATIONS = YES;
				CLANG_WARN_DIRECT_OBJC_ISA_USAGE = YES_ERROR;
				CLANG_WARN_DOCUMENTATION_COMMENTS = YES;
				CLANG_WARN_EMPTY_BODY = YES;
				CLANG_WARN_ENUM_CONVERSION = YES;
				CLANG_WARN_INFINITE_RECURSION = YES;
				CLANG_WARN_INT_CONVERSION = YES;
				CLANG_WARN_NON_LITERAL_NULL_CONVERSION = YES;
				CLANG_WARN_OBJC_IMPLICIT_RETAIN_SELF = YES;
				CLANG_WARN_OBJC_LITERAL_CONVERSION = YES;
				CLANG_WARN_OBJC_ROOT_CLASS = YES_ERROR;
				CLANG_WARN_RANGE_LOOP_ANALYSIS = YES;
				CLANG_WARN_STRICT_PROTOTYPES = YES;
				CLANG_WARN_SUSPICIOUS_MOVE = YES;
				CLANG_WARN_UNGUARDED_AVAILABILITY = YES_AGGRESSIVE;
				CLANG_WARN_UNREACHABLE_CODE = YES;
				CLANG_WARN__DUPLICATE_METHOD_MATCH = YES;
				COPY_PHASE_STRIP = NO;
				DEBUG_INFORMATION_FORMAT = "dwarf-with-dsym";
				ENABLE_NS_ASSERTIONS = NO;
				ENABLE_STRICT_OBJC_MSGSEND = YES;
				GCC_C_LANGUAGE_STANDARD = gnu11;
				GCC_NO_COMMON_BLOCKS = YES;
				GCC_WARN_64_TO_32_BIT_CONVERSION = YES;
				GCC_WARN_ABOUT_RETURN_TYPE = YES_ERROR;
				GCC_WARN_UNDECLARED_SELECTOR = YES;
				GCC_WARN_UNINITIALIZED_AUTOS = YES_AGGRESSIVE;
				GCC_WARN_UNUSED_FUNCTION = YES;
				GCC_WARN_UNUSED_VARIABLE = YES;
				MACOSX_DEPLOYMENT_TARGET = 10.14;
				MTL_ENABLE_DEBUG_INFO = NO;
				MTL_FAST_MATH = YES;
				SDKROOT = macosx;
			};
			name = Release;
		};
		42AC9552236D102B00581C3F /* Debug */ = {
			isa = XCBuildConfiguration;
			buildSettings = {
				CODE_SIGN_STYLE = Automatic;
				DEVELOPMENT_TEAM = 8Q66E2DEFC;
				ENABLE_HARDENED_RUNTIME = YES;
				PRODUCT_NAME = "$(TARGET_NAME)";
			};
			name = Debug;
		};
		42AC9553236D102B00581C3F /* Release */ = {
			isa = XCBuildConfiguration;
			buildSettings = {
				CODE_SIGN_STYLE = Automatic;
				DEVELOPMENT_TEAM = 8Q66E2DEFC;
				ENABLE_HARDENED_RUNTIME = YES;
				PRODUCT_NAME = "$(TARGET_NAME)";
			};
			name = Release;
		};
/* End XCBuildConfiguration section */

/* Begin XCConfigurationList section */
		42AC9545236D102B00581C3F /* Build configuration list for PBXProject "Chapter-7-1" */ = {
			isa = XCConfigurationList;
			buildConfigurations = (
				42AC954F236D102B00581C3F /* Debug */,
				42AC9550236D102B00581C3F /* Release */,
			);
			defaultConfigurationIsVisible = 0;
			defaultConfigurationName = Release;
		};
		42AC9551236D102B00581C3F /* Build configuration list for PBXNativeTarget "Chapter-7-1" */ = {
			isa = XCConfigurationList;
			buildConfigurations = (
				42AC9552236D102B00581C3F /* Debug */,
				42AC9553236D102B00581C3F /* Release */,
			);
			defaultConfigurationIsVisible = 0;
			defaultConfigurationName = Release;
		};
/* End XCConfigurationList section */
	};
	rootObject = 42AC9542236D102B00581C3F /* Project object */;
}
